// !$*UTF8*$!
{
	archiveVersion = 1;
	classes = {
	};
	objectVersion = 46;
	objects = {

/* Begin PBXBuildFile section */
		171CF2621DC7C84C00CD4335 /* User.swift in Sources */ = {isa = PBXBuildFile; fileRef = 171CF2611DC7C84C00CD4335 /* User.swift */; };
		171CF26B1DC802DA00CD4335 /* Alamofire.framework in Frameworks */ = {isa = PBXBuildFile; fileRef = 171CF2691DC802DA00CD4335 /* Alamofire.framework */; };
		171CF26C1DC802DA00CD4335 /* SwiftyJSON.framework in Frameworks */ = {isa = PBXBuildFile; fileRef = 171CF26A1DC802DA00CD4335 /* SwiftyJSON.framework */; };
		174BB8761DC665D000CDAE86 /* APIManager.swift in Sources */ = {isa = PBXBuildFile; fileRef = 174BB8751DC665D000CDAE86 /* APIManager.swift */; };
		174BB87C1DC6726000CDAE86 /* PromoterLoginViewController.swift in Sources */ = {isa = PBXBuildFile; fileRef = 174BB87B1DC6726000CDAE86 /* PromoterLoginViewController.swift */; };
		174BB87E1DC6729000CDAE86 /* PromoterRegistrationViewController.swift in Sources */ = {isa = PBXBuildFile; fileRef = 174BB87D1DC6729000CDAE86 /* PromoterRegistrationViewController.swift */; };
		174BB8821DC6774A00CDAE86 /* LoginViewModel.swift in Sources */ = {isa = PBXBuildFile; fileRef = 174BB8811DC6774A00CDAE86 /* LoginViewModel.swift */; };
		174BB8871DC683D000CDAE86 /* Sugar Plums.ttf in Resources */ = {isa = PBXBuildFile; fileRef = 174BB8861DC683D000CDAE86 /* Sugar Plums.ttf */; };
		174BB8891DC691C900CDAE86 /* Aguda Regular.ttf in Resources */ = {isa = PBXBuildFile; fileRef = 174BB8881DC691C900CDAE86 /* Aguda Regular.ttf */; };
		174BB88B1DC69E3300CDAE86 /* Aguda Bold.ttf in Resources */ = {isa = PBXBuildFile; fileRef = 174BB88A1DC69E3300CDAE86 /* Aguda Bold.ttf */; };
		175489981DC5222300993344 /* AppDelegate.swift in Sources */ = {isa = PBXBuildFile; fileRef = 175489971DC5222300993344 /* AppDelegate.swift */; };
		1754899A1DC5222300993344 /* ViewController.swift in Sources */ = {isa = PBXBuildFile; fileRef = 175489991DC5222300993344 /* ViewController.swift */; };
		1754899D1DC5222300993344 /* Main.storyboard in Resources */ = {isa = PBXBuildFile; fileRef = 1754899B1DC5222300993344 /* Main.storyboard */; };
		1754899F1DC5222300993344 /* Assets.xcassets in Resources */ = {isa = PBXBuildFile; fileRef = 1754899E1DC5222300993344 /* Assets.xcassets */; };
		175489A21DC5222300993344 /* LaunchScreen.storyboard in Resources */ = {isa = PBXBuildFile; fileRef = 175489A01DC5222300993344 /* LaunchScreen.storyboard */; };
		17B49F381DC803FD002FFA00 /* Alamofire.framework in Embed Frameworks */ = {isa = PBXBuildFile; fileRef = 171CF2691DC802DA00CD4335 /* Alamofire.framework */; settings = {ATTRIBUTES = (CodeSignOnCopy, RemoveHeadersOnCopy, ); }; };
		17B49F3A1DC803FD002FFA00 /* SwiftyJSON.framework in Embed Frameworks */ = {isa = PBXBuildFile; fileRef = 171CF26A1DC802DA00CD4335 /* SwiftyJSON.framework */; settings = {ATTRIBUTES = (CodeSignOnCopy, RemoveHeadersOnCopy, ); }; };
		17B49F3B1DC803FD002FFA00 /* RxAlamofire.framework in Frameworks */ = {isa = PBXBuildFile; fileRef = 171CF2671DC7F12800CD4335 /* RxAlamofire.framework */; };
		17B49F3C1DC803FD002FFA00 /* RxAlamofire.framework in Embed Frameworks */ = {isa = PBXBuildFile; fileRef = 171CF2671DC7F12800CD4335 /* RxAlamofire.framework */; settings = {ATTRIBUTES = (CodeSignOnCopy, RemoveHeadersOnCopy, ); }; };
		17B49F3D1DC803FD002FFA00 /* ObjectMapper.framework in Frameworks */ = {isa = PBXBuildFile; fileRef = 171CF2631DC7D57200CD4335 /* ObjectMapper.framework */; };
		17B49F3E1DC803FD002FFA00 /* ObjectMapper.framework in Embed Frameworks */ = {isa = PBXBuildFile; fileRef = 171CF2631DC7D57200CD4335 /* ObjectMapper.framework */; settings = {ATTRIBUTES = (CodeSignOnCopy, RemoveHeadersOnCopy, ); }; };
		17B49F3F1DC803FD002FFA00 /* RxSwift.framework in Frameworks */ = {isa = PBXBuildFile; fileRef = 171CF25E1DC7C5B600CD4335 /* RxSwift.framework */; };
		17B49F401DC803FD002FFA00 /* RxSwift.framework in Embed Frameworks */ = {isa = PBXBuildFile; fileRef = 171CF25E1DC7C5B600CD4335 /* RxSwift.framework */; settings = {ATTRIBUTES = (CodeSignOnCopy, RemoveHeadersOnCopy, ); }; };
		17B49F411DC803FD002FFA00 /* Pods_PartyTonight.framework in Frameworks */ = {isa = PBXBuildFile; fileRef = 213E09A20FF03D5C94A30589 /* Pods_PartyTonight.framework */; };
		17B49F421DC803FD002FFA00 /* Pods_PartyTonight.framework in Embed Frameworks */ = {isa = PBXBuildFile; fileRef = 213E09A20FF03D5C94A30589 /* Pods_PartyTonight.framework */; settings = {ATTRIBUTES = (CodeSignOnCopy, RemoveHeadersOnCopy, ); }; };
		17B49F451DC80458002FFA00 /* RxCocoa.framework in Frameworks */ = {isa = PBXBuildFile; fileRef = 17B49F441DC80458002FFA00 /* RxCocoa.framework */; };
		17B49F471DC8045E002FFA00 /* RxCocoa.framework in Embed Frameworks */ = {isa = PBXBuildFile; fileRef = 17B49F441DC80458002FFA00 /* RxCocoa.framework */; settings = {ATTRIBUTES = (CodeSignOnCopy, RemoveHeadersOnCopy, ); }; };
/* End PBXBuildFile section */

/* Begin PBXCopyFilesBuildPhase section */
		17B49F431DC803FD002FFA00 /* Embed Frameworks */ = {
			isa = PBXCopyFilesBuildPhase;
			buildActionMask = 2147483647;
			dstPath = "";
			dstSubfolderSpec = 10;
			files = (
				17B49F401DC803FD002FFA00 /* RxSwift.framework in Embed Frameworks */,
				17B49F421DC803FD002FFA00 /* Pods_PartyTonight.framework in Embed Frameworks */,
				17B49F471DC8045E002FFA00 /* RxCocoa.framework in Embed Frameworks */,
				17B49F3A1DC803FD002FFA00 /* SwiftyJSON.framework in Embed Frameworks */,
				17B49F381DC803FD002FFA00 /* Alamofire.framework in Embed Frameworks */,
				17B49F3E1DC803FD002FFA00 /* ObjectMapper.framework in Embed Frameworks */,
				17B49F3C1DC803FD002FFA00 /* RxAlamofire.framework in Embed Frameworks */,
			);
			name = "Embed Frameworks";
			runOnlyForDeploymentPostprocessing = 0;
		};
/* End PBXCopyFilesBuildPhase section */

/* Begin PBXFileReference section */
		171CF25E1DC7C5B600CD4335 /* RxSwift.framework */ = {isa = PBXFileReference; lastKnownFileType = wrapper.framework; name = RxSwift.framework; path = Carthage/Build/iOS/RxSwift.framework; sourceTree = "<group>"; };
		171CF2611DC7C84C00CD4335 /* User.swift */ = {isa = PBXFileReference; fileEncoding = 4; lastKnownFileType = sourcecode.swift; name = User.swift; path = Entities/User.swift; sourceTree = "<group>"; };
		171CF2631DC7D57200CD4335 /* ObjectMapper.framework */ = {isa = PBXFileReference; lastKnownFileType = wrapper.framework; name = ObjectMapper.framework; path = Carthage/Build/iOS/ObjectMapper.framework; sourceTree = "<group>"; };
		171CF2671DC7F12800CD4335 /* RxAlamofire.framework */ = {isa = PBXFileReference; lastKnownFileType = wrapper.framework; name = RxAlamofire.framework; path = Carthage/Build/iOS/RxAlamofire.framework; sourceTree = "<group>"; };
		171CF2691DC802DA00CD4335 /* Alamofire.framework */ = {isa = PBXFileReference; lastKnownFileType = wrapper.framework; name = Alamofire.framework; path = Carthage/Build/iOS/Alamofire.framework; sourceTree = "<group>"; };
		171CF26A1DC802DA00CD4335 /* SwiftyJSON.framework */ = {isa = PBXFileReference; lastKnownFileType = wrapper.framework; name = SwiftyJSON.framework; path = Carthage/Build/iOS/SwiftyJSON.framework; sourceTree = "<group>"; };
		174BB8751DC665D000CDAE86 /* APIManager.swift */ = {isa = PBXFileReference; fileEncoding = 4; lastKnownFileType = sourcecode.swift; name = APIManager.swift; path = REST/APIManager.swift; sourceTree = "<group>"; };
		174BB87B1DC6726000CDAE86 /* PromoterLoginViewController.swift */ = {isa = PBXFileReference; fileEncoding = 4; lastKnownFileType = sourcecode.swift; name = PromoterLoginViewController.swift; path = Controllers/Authorization/PromoterLoginViewController.swift; sourceTree = "<group>"; };
		174BB87D1DC6729000CDAE86 /* PromoterRegistrationViewController.swift */ = {isa = PBXFileReference; fileEncoding = 4; lastKnownFileType = sourcecode.swift; name = PromoterRegistrationViewController.swift; path = Controllers/Authorization/PromoterRegistrationViewController.swift; sourceTree = "<group>"; };
		174BB8811DC6774A00CDAE86 /* LoginViewModel.swift */ = {isa = PBXFileReference; fileEncoding = 4; lastKnownFileType = sourcecode.swift; name = LoginViewModel.swift; path = VM/Authorization/LoginViewModel.swift; sourceTree = "<group>"; };
		174BB8861DC683D000CDAE86 /* Sugar Plums.ttf */ = {isa = PBXFileReference; lastKnownFileType = file; path = "Sugar Plums.ttf"; sourceTree = "<group>"; };
		174BB8881DC691C900CDAE86 /* Aguda Regular.ttf */ = {isa = PBXFileReference; lastKnownFileType = file; path = "Aguda Regular.ttf"; sourceTree = "<group>"; };
		174BB88A1DC69E3300CDAE86 /* Aguda Bold.ttf */ = {isa = PBXFileReference; lastKnownFileType = file; path = "Aguda Bold.ttf"; sourceTree = "<group>"; };
		175489941DC5222300993344 /* PartyTonight.app */ = {isa = PBXFileReference; explicitFileType = wrapper.application; includeInIndex = 0; path = PartyTonight.app; sourceTree = BUILT_PRODUCTS_DIR; };
		175489971DC5222300993344 /* AppDelegate.swift */ = {isa = PBXFileReference; lastKnownFileType = sourcecode.swift; path = AppDelegate.swift; sourceTree = "<group>"; };
		175489991DC5222300993344 /* ViewController.swift */ = {isa = PBXFileReference; lastKnownFileType = sourcecode.swift; path = ViewController.swift; sourceTree = "<group>"; };
		1754899C1DC5222300993344 /* Base */ = {isa = PBXFileReference; lastKnownFileType = file.storyboard; name = Base; path = Base.lproj/Main.storyboard; sourceTree = "<group>"; };
		1754899E1DC5222300993344 /* Assets.xcassets */ = {isa = PBXFileReference; lastKnownFileType = folder.assetcatalog; path = Assets.xcassets; sourceTree = "<group>"; };
		175489A11DC5222300993344 /* Base */ = {isa = PBXFileReference; lastKnownFileType = file.storyboard; name = Base; path = Base.lproj/LaunchScreen.storyboard; sourceTree = "<group>"; };
		175489A31DC5222300993344 /* Info.plist */ = {isa = PBXFileReference; lastKnownFileType = text.plist.xml; path = Info.plist; sourceTree = "<group>"; };
		17B49F441DC80458002FFA00 /* RxCocoa.framework */ = {isa = PBXFileReference; lastKnownFileType = wrapper.framework; name = RxCocoa.framework; path = Carthage/Build/iOS/RxCocoa.framework; sourceTree = "<group>"; };
		213E09A20FF03D5C94A30589 /* Pods_PartyTonight.framework */ = {isa = PBXFileReference; explicitFileType = wrapper.framework; includeInIndex = 0; path = Pods_PartyTonight.framework; sourceTree = BUILT_PRODUCTS_DIR; };
		821866A83DBAF48E25583913 /* Pods-PartyTonight.debug.xcconfig */ = {isa = PBXFileReference; includeInIndex = 1; lastKnownFileType = text.xcconfig; name = "Pods-PartyTonight.debug.xcconfig"; path = "Pods/Target Support Files/Pods-PartyTonight/Pods-PartyTonight.debug.xcconfig"; sourceTree = "<group>"; };
		EF07FB577222FA3485322B90 /* Pods-PartyTonight.release.xcconfig */ = {isa = PBXFileReference; includeInIndex = 1; lastKnownFileType = text.xcconfig; name = "Pods-PartyTonight.release.xcconfig"; path = "Pods/Target Support Files/Pods-PartyTonight/Pods-PartyTonight.release.xcconfig"; sourceTree = "<group>"; };
/* End PBXFileReference section */

/* Begin PBXFrameworksBuildPhase section */
		175489911DC5222300993344 /* Frameworks */ = {
			isa = PBXFrameworksBuildPhase;
			buildActionMask = 2147483647;
			files = (
				17B49F451DC80458002FFA00 /* RxCocoa.framework in Frameworks */,
				17B49F3F1DC803FD002FFA00 /* RxSwift.framework in Frameworks */,
				17B49F3D1DC803FD002FFA00 /* ObjectMapper.framework in Frameworks */,
				171CF26B1DC802DA00CD4335 /* Alamofire.framework in Frameworks */,
				171CF26C1DC802DA00CD4335 /* SwiftyJSON.framework in Frameworks */,
				17B49F411DC803FD002FFA00 /* Pods_PartyTonight.framework in Frameworks */,
				17B49F3B1DC803FD002FFA00 /* RxAlamofire.framework in Frameworks */,
			);
			runOnlyForDeploymentPostprocessing = 0;
		};
/* End PBXFrameworksBuildPhase section */

/* Begin PBXGroup section */
		171CF25D1DC7C5B400CD4335 /* Frameworks */ = {
			isa = PBXGroup;
			children = (
				17B49F441DC80458002FFA00 /* RxCocoa.framework */,
				171CF2691DC802DA00CD4335 /* Alamofire.framework */,
				171CF26A1DC802DA00CD4335 /* SwiftyJSON.framework */,
				171CF2671DC7F12800CD4335 /* RxAlamofire.framework */,
				171CF2631DC7D57200CD4335 /* ObjectMapper.framework */,
				171CF25E1DC7C5B600CD4335 /* RxSwift.framework */,
				213E09A20FF03D5C94A30589 /* Pods_PartyTonight.framework */,
			);
			name = Frameworks;
			sourceTree = "<group>";
		};
		171CF2601DC7C7DF00CD4335 /* Entities */ = {
			isa = PBXGroup;
			children = (
				171CF2611DC7C84C00CD4335 /* User.swift */,
			);
			name = Entities;
			sourceTree = "<group>";
		};
		174BB8741DC665B200CDAE86 /* REST */ = {
			isa = PBXGroup;
			children = (
				174BB8751DC665D000CDAE86 /* APIManager.swift */,
			);
			name = REST;
			sourceTree = "<group>";
		};
		174BB8771DC6706200CDAE86 /* Controllers */ = {
			isa = PBXGroup;
			children = (
				174BB8781DC6708100CDAE86 /* Authorization */,
			);
			name = Controllers;
			sourceTree = "<group>";
		};
		174BB8781DC6708100CDAE86 /* Authorization */ = {
			isa = PBXGroup;
			children = (
				174BB87B1DC6726000CDAE86 /* PromoterLoginViewController.swift */,
				174BB87D1DC6729000CDAE86 /* PromoterRegistrationViewController.swift */,
			);
			name = Authorization;
			sourceTree = "<group>";
		};
		174BB87F1DC6746000CDAE86 /* VM */ = {
			isa = PBXGroup;
			children = (
				174BB8801DC6747600CDAE86 /* Authorization */,
			);
			name = VM;
			sourceTree = "<group>";
		};
		174BB8801DC6747600CDAE86 /* Authorization */ = {
			isa = PBXGroup;
			children = (
				174BB8811DC6774A00CDAE86 /* LoginViewModel.swift */,
			);
			name = Authorization;
			sourceTree = "<group>";
		};
		174BB8831DC6814400CDAE86 /* Resources */ = {
			isa = PBXGroup;
			children = (
				174BB88A1DC69E3300CDAE86 /* Aguda Bold.ttf */,
				174BB8881DC691C900CDAE86 /* Aguda Regular.ttf */,
				174BB8861DC683D000CDAE86 /* Sugar Plums.ttf */,
			);
			name = Resources;
			sourceTree = "<group>";
		};
		1754898B1DC5222300993344 = {
			isa = PBXGroup;
			children = (
				175489961DC5222300993344 /* PartyTonight */,
				175489951DC5222300993344 /* Products */,
				171CF25D1DC7C5B400CD4335 /* Frameworks */,
				2EE57DD04DF2E008CF01537E /* Pods */,
			);
			sourceTree = "<group>";
		};
		175489951DC5222300993344 /* Products */ = {
			isa = PBXGroup;
			children = (
				175489941DC5222300993344 /* PartyTonight.app */,
			);
			name = Products;
			sourceTree = "<group>";
		};
		175489961DC5222300993344 /* PartyTonight */ = {
			isa = PBXGroup;
			children = (
				171CF2601DC7C7DF00CD4335 /* Entities */,
				174BB8831DC6814400CDAE86 /* Resources */,
				174BB87F1DC6746000CDAE86 /* VM */,
				174BB8771DC6706200CDAE86 /* Controllers */,
				174BB8741DC665B200CDAE86 /* REST */,
				175489971DC5222300993344 /* AppDelegate.swift */,
				175489991DC5222300993344 /* ViewController.swift */,
				1754899B1DC5222300993344 /* Main.storyboard */,
				1754899E1DC5222300993344 /* Assets.xcassets */,
				175489A01DC5222300993344 /* LaunchScreen.storyboard */,
				175489A31DC5222300993344 /* Info.plist */,
			);
			path = PartyTonight;
			sourceTree = "<group>";
		};
		2EE57DD04DF2E008CF01537E /* Pods */ = {
			isa = PBXGroup;
			children = (
				821866A83DBAF48E25583913 /* Pods-PartyTonight.debug.xcconfig */,
				EF07FB577222FA3485322B90 /* Pods-PartyTonight.release.xcconfig */,
			);
			name = Pods;
			sourceTree = "<group>";
		};
/* End PBXGroup section */

/* Begin PBXNativeTarget section */
		175489931DC5222300993344 /* PartyTonight */ = {
			isa = PBXNativeTarget;
			buildConfigurationList = 175489A61DC5222300993344 /* Build configuration list for PBXNativeTarget "PartyTonight" */;
			buildPhases = (
				A2A3D86CBD8C750B1C87CE2E /* [CP] Check Pods Manifest.lock */,
				175489901DC5222300993344 /* Sources */,
				175489911DC5222300993344 /* Frameworks */,
				175489921DC5222300993344 /* Resources */,
				2E94D1289F8426367EF06DD1 /* [CP] Embed Pods Frameworks */,
				A3DEBE27F625EAD93C2B38E6 /* [CP] Copy Pods Resources */,
				17B49F431DC803FD002FFA00 /* Embed Frameworks */,
			);
			buildRules = (
			);
			dependencies = (
			);
			name = PartyTonight;
			productName = PartyTonight;
			productReference = 175489941DC5222300993344 /* PartyTonight.app */;
			productType = "com.apple.product-type.application";
		};
/* End PBXNativeTarget section */

/* Begin PBXProject section */
		1754898C1DC5222300993344 /* Project object */ = {
			isa = PBXProject;
			attributes = {
				LastSwiftUpdateCheck = 0800;
				LastUpgradeCheck = 0800;
				ORGANIZATIONNAME = "Igor Kasyanenko";
				TargetAttributes = {
					175489931DC5222300993344 = {
						CreatedOnToolsVersion = 8.0;
						DevelopmentTeam = 5BCDXKAUFJ;
						LastSwiftMigration = 0800;
						ProvisioningStyle = Automatic;
					};
				};
			};
			buildConfigurationList = 1754898F1DC5222300993344 /* Build configuration list for PBXProject "PartyTonight" */;
			compatibilityVersion = "Xcode 3.2";
			developmentRegion = English;
			hasScannedForEncodings = 0;
			knownRegions = (
				en,
				Base,
			);
			mainGroup = 1754898B1DC5222300993344;
			productRefGroup = 175489951DC5222300993344 /* Products */;
			projectDirPath = "";
			projectRoot = "";
			targets = (
				175489931DC5222300993344 /* PartyTonight */,
			);
		};
/* End PBXProject section */

/* Begin PBXResourcesBuildPhase section */
		175489921DC5222300993344 /* Resources */ = {
			isa = PBXResourcesBuildPhase;
			buildActionMask = 2147483647;
			files = (
				175489A21DC5222300993344 /* LaunchScreen.storyboard in Resources */,
				174BB88B1DC69E3300CDAE86 /* Aguda Bold.ttf in Resources */,
				1754899F1DC5222300993344 /* Assets.xcassets in Resources */,
				174BB8891DC691C900CDAE86 /* Aguda Regular.ttf in Resources */,
				174BB8871DC683D000CDAE86 /* Sugar Plums.ttf in Resources */,
				1754899D1DC5222300993344 /* Main.storyboard in Resources */,
			);
			runOnlyForDeploymentPostprocessing = 0;
		};
/* End PBXResourcesBuildPhase section */

/* Begin PBXShellScriptBuildPhase section */
		2E94D1289F8426367EF06DD1 /* [CP] Embed Pods Frameworks */ = {
			isa = PBXShellScriptBuildPhase;
			buildActionMask = 2147483647;
			files = (
			);
			inputPaths = (
			);
			name = "[CP] Embed Pods Frameworks";
			outputPaths = (
			);
			runOnlyForDeploymentPostprocessing = 0;
			shellPath = /bin/sh;
			shellScript = "\"${SRCROOT}/Pods/Target Support Files/Pods-PartyTonight/Pods-PartyTonight-frameworks.sh\"\n";
			showEnvVarsInLog = 0;
		};
		A2A3D86CBD8C750B1C87CE2E /* [CP] Check Pods Manifest.lock */ = {
			isa = PBXShellScriptBuildPhase;
			buildActionMask = 2147483647;
			files = (
			);
			inputPaths = (
			);
			name = "[CP] Check Pods Manifest.lock";
			outputPaths = (
			);
			runOnlyForDeploymentPostprocessing = 0;
			shellPath = /bin/sh;
			shellScript = "diff \"${PODS_ROOT}/../Podfile.lock\" \"${PODS_ROOT}/Manifest.lock\" > /dev/null\nif [[ $? != 0 ]] ; then\n    cat << EOM\nerror: The sandbox is not in sync with the Podfile.lock. Run 'pod install' or update your CocoaPods installation.\nEOM\n    exit 1\nfi\n";
			showEnvVarsInLog = 0;
		};
		A3DEBE27F625EAD93C2B38E6 /* [CP] Copy Pods Resources */ = {
			isa = PBXShellScriptBuildPhase;
			buildActionMask = 2147483647;
			files = (
			);
			inputPaths = (
			);
			name = "[CP] Copy Pods Resources";
			outputPaths = (
			);
			runOnlyForDeploymentPostprocessing = 0;
			shellPath = /bin/sh;
			shellScript = "\"${SRCROOT}/Pods/Target Support Files/Pods-PartyTonight/Pods-PartyTonight-resources.sh\"\n";
			showEnvVarsInLog = 0;
		};
/* End PBXShellScriptBuildPhase section */

/* Begin PBXSourcesBuildPhase section */
		175489901DC5222300993344 /* Sources */ = {
			isa = PBXSourcesBuildPhase;
			buildActionMask = 2147483647;
			files = (
				174BB87C1DC6726000CDAE86 /* PromoterLoginViewController.swift in Sources */,
				174BB8761DC665D000CDAE86 /* APIManager.swift in Sources */,
				174BB8821DC6774A00CDAE86 /* LoginViewModel.swift in Sources */,
				1754899A1DC5222300993344 /* ViewController.swift in Sources */,
				174BB87E1DC6729000CDAE86 /* PromoterRegistrationViewController.swift in Sources */,
				175489981DC5222300993344 /* AppDelegate.swift in Sources */,
				171CF2621DC7C84C00CD4335 /* User.swift in Sources */,
			);
			runOnlyForDeploymentPostprocessing = 0;
		};
/* End PBXSourcesBuildPhase section */

/* Begin PBXVariantGroup section */
		1754899B1DC5222300993344 /* Main.storyboard */ = {
			isa = PBXVariantGroup;
			children = (
				1754899C1DC5222300993344 /* Base */,
			);
			name = Main.storyboard;
			sourceTree = "<group>";
		};
		175489A01DC5222300993344 /* LaunchScreen.storyboard */ = {
			isa = PBXVariantGroup;
			children = (
				175489A11DC5222300993344 /* Base */,
			);
			name = LaunchScreen.storyboard;
			sourceTree = "<group>";
		};
/* End PBXVariantGroup section */

/* Begin XCBuildConfiguration section */
		175489A41DC5222300993344 /* Debug */ = {
			isa = XCBuildConfiguration;
			buildSettings = {
				ALWAYS_SEARCH_USER_PATHS = NO;
				CLANG_ANALYZER_NONNULL = YES;
				CLANG_CXX_LANGUAGE_STANDARD = "gnu++0x";
				CLANG_CXX_LIBRARY = "libc++";
				CLANG_ENABLE_MODULES = YES;
				CLANG_ENABLE_OBJC_ARC = YES;
				CLANG_WARN_BOOL_CONVERSION = YES;
				CLANG_WARN_CONSTANT_CONVERSION = YES;
				CLANG_WARN_DIRECT_OBJC_ISA_USAGE = YES_ERROR;
				CLANG_WARN_DOCUMENTATION_COMMENTS = YES;
				CLANG_WARN_EMPTY_BODY = YES;
				CLANG_WARN_ENUM_CONVERSION = YES;
				CLANG_WARN_INFINITE_RECURSION = YES;
				CLANG_WARN_INT_CONVERSION = YES;
				CLANG_WARN_OBJC_ROOT_CLASS = YES_ERROR;
				CLANG_WARN_SUSPICIOUS_MOVE = YES;
				CLANG_WARN_SUSPICIOUS_MOVES = YES;
				CLANG_WARN_UNREACHABLE_CODE = YES;
				CLANG_WARN__DUPLICATE_METHOD_MATCH = YES;
				"CODE_SIGN_IDENTITY[sdk=iphoneos*]" = "iPhone Developer";
				COPY_PHASE_STRIP = NO;
				DEBUG_INFORMATION_FORMAT = dwarf;
				ENABLE_STRICT_OBJC_MSGSEND = YES;
				ENABLE_TESTABILITY = YES;
				GCC_C_LANGUAGE_STANDARD = gnu99;
				GCC_DYNAMIC_NO_PIC = NO;
				GCC_NO_COMMON_BLOCKS = YES;
				GCC_OPTIMIZATION_LEVEL = 0;
				GCC_PREPROCESSOR_DEFINITIONS = (
					"DEBUG=1",
					"$(inherited)",
				);
				GCC_WARN_64_TO_32_BIT_CONVERSION = YES;
				GCC_WARN_ABOUT_RETURN_TYPE = YES_ERROR;
				GCC_WARN_UNDECLARED_SELECTOR = YES;
				GCC_WARN_UNINITIALIZED_AUTOS = YES_AGGRESSIVE;
				GCC_WARN_UNUSED_FUNCTION = YES;
				GCC_WARN_UNUSED_VARIABLE = YES;
				IPHONEOS_DEPLOYMENT_TARGET = 10.0;
				MTL_ENABLE_DEBUG_INFO = YES;
				ONLY_ACTIVE_ARCH = YES;
				SDKROOT = iphoneos;
				SWIFT_ACTIVE_COMPILATION_CONDITIONS = DEBUG;
				SWIFT_OPTIMIZATION_LEVEL = "-Onone";
				TARGETED_DEVICE_FAMILY = "1,2";
			};
			name = Debug;
		};
		175489A51DC5222300993344 /* Release */ = {
			isa = XCBuildConfiguration;
			buildSettings = {
				ALWAYS_SEARCH_USER_PATHS = NO;
				CLANG_ANALYZER_NONNULL = YES;
				CLANG_CXX_LANGUAGE_STANDARD = "gnu++0x";
				CLANG_CXX_LIBRARY = "libc++";
				CLANG_ENABLE_MODULES = YES;
				CLANG_ENABLE_OBJC_ARC = YES;
				CLANG_WARN_BOOL_CONVERSION = YES;
				CLANG_WARN_CONSTANT_CONVERSION = YES;
				CLANG_WARN_DIRECT_OBJC_ISA_USAGE = YES_ERROR;
				CLANG_WARN_DOCUMENTATION_COMMENTS = YES;
				CLANG_WARN_EMPTY_BODY = YES;
				CLANG_WARN_ENUM_CONVERSION = YES;
				CLANG_WARN_INFINITE_RECURSION = YES;
				CLANG_WARN_INT_CONVERSION = YES;
				CLANG_WARN_OBJC_ROOT_CLASS = YES_ERROR;
				CLANG_WARN_SUSPICIOUS_MOVE = YES;
				CLANG_WARN_SUSPICIOUS_MOVES = YES;
				CLANG_WARN_UNREACHABLE_CODE = YES;
				CLANG_WARN__DUPLICATE_METHOD_MATCH = YES;
				"CODE_SIGN_IDENTITY[sdk=iphoneos*]" = "iPhone Developer";
				COPY_PHASE_STRIP = NO;
				DEBUG_INFORMATION_FORMAT = "dwarf-with-dsym";
				ENABLE_NS_ASSERTIONS = NO;
				ENABLE_STRICT_OBJC_MSGSEND = YES;
				GCC_C_LANGUAGE_STANDARD = gnu99;
				GCC_NO_COMMON_BLOCKS = YES;
				GCC_WARN_64_TO_32_BIT_CONVERSION = YES;
				GCC_WARN_ABOUT_RETURN_TYPE = YES_ERROR;
				GCC_WARN_UNDECLARED_SELECTOR = YES;
				GCC_WARN_UNINITIALIZED_AUTOS = YES_AGGRESSIVE;
				GCC_WARN_UNUSED_FUNCTION = YES;
				GCC_WARN_UNUSED_VARIABLE = YES;
				IPHONEOS_DEPLOYMENT_TARGET = 10.0;
				MTL_ENABLE_DEBUG_INFO = NO;
				SDKROOT = iphoneos;
				SWIFT_OPTIMIZATION_LEVEL = "-Owholemodule";
				TARGETED_DEVICE_FAMILY = "1,2";
				VALIDATE_PRODUCT = YES;
			};
			name = Release;
		};
		175489A71DC5222300993344 /* Debug */ = {
			isa = XCBuildConfiguration;
			baseConfigurationReference = 821866A83DBAF48E25583913 /* Pods-PartyTonight.debug.xcconfig */;
			buildSettings = {
				ASSETCATALOG_COMPILER_APPICON_NAME = AppIcon;
				DEVELOPMENT_TEAM = 5BCDXKAUFJ;
				FRAMEWORK_SEARCH_PATHS = (
					"$(inherited)",
					"$(PROJECT_DIR)/Carthage/Build/iOS",
				);
				INFOPLIST_FILE = PartyTonight/Info.plist;
				LD_RUNPATH_SEARCH_PATHS = "$(inherited) @executable_path/Frameworks";
				PRODUCT_BUNDLE_IDENTIFIER = dekwin.PartyTonight;
				PRODUCT_NAME = "$(TARGET_NAME)";
				SWIFT_VERSION = 3.0;
			};
			name = Debug;
		};
		175489A81DC5222300993344 /* Release */ = {
			isa = XCBuildConfiguration;
			baseConfigurationReference = EF07FB577222FA3485322B90 /* Pods-PartyTonight.release.xcconfig */;
			buildSettings = {
				ASSETCATALOG_COMPILER_APPICON_NAME = AppIcon;
				DEVELOPMENT_TEAM = 5BCDXKAUFJ;
				FRAMEWORK_SEARCH_PATHS = (
					"$(inherited)",
					"$(PROJECT_DIR)/Carthage/Build/iOS",
				);
				INFOPLIST_FILE = PartyTonight/Info.plist;
				LD_RUNPATH_SEARCH_PATHS = "$(inherited) @executable_path/Frameworks";
				PRODUCT_BUNDLE_IDENTIFIER = dekwin.PartyTonight;
				PRODUCT_NAME = "$(TARGET_NAME)";
				SWIFT_VERSION = 3.0;
			};
			name = Release;
		};
/* End XCBuildConfiguration section */

/* Begin XCConfigurationList section */
		1754898F1DC5222300993344 /* Build configuration list for PBXProject "PartyTonight" */ = {
			isa = XCConfigurationList;
			buildConfigurations = (
				175489A41DC5222300993344 /* Debug */,
				175489A51DC5222300993344 /* Release */,
			);
			defaultConfigurationIsVisible = 0;
			defaultConfigurationName = Release;
		};
		175489A61DC5222300993344 /* Build configuration list for PBXNativeTarget "PartyTonight" */ = {
			isa = XCConfigurationList;
			buildConfigurations = (
				175489A71DC5222300993344 /* Debug */,
				175489A81DC5222300993344 /* Release */,
			);
			defaultConfigurationIsVisible = 0;
			defaultConfigurationName = Release;
		};
/* End XCConfigurationList section */
	};
	rootObject = 1754898C1DC5222300993344 /* Project object */;
}
