// !$*UTF8*$!
{
	archiveVersion = 1;
	classes = {
	};
	objectVersion = 46;
	objects = {

/* Begin PBXBuildFile section */
		171CF2621DC7C84C00CD4335 /* User.swift in Sources */ = {isa = PBXBuildFile; fileRef = 171CF2611DC7C84C00CD4335 /* User.swift */; };
		173510801DDC9D46008CCCF9 /* CreateEventViewController+Popover.swift in Sources */ = {isa = PBXBuildFile; fileRef = 1735107F1DDC9D46008CCCF9 /* CreateEventViewController+Popover.swift */; };
		173510821DDC9DCD008CCCF9 /* DateTimePickerViewController.swift in Sources */ = {isa = PBXBuildFile; fileRef = 173510811DDC9DCD008CCCF9 /* DateTimePickerViewController.swift */; };
		173611421DDF419300050048 /* UIApplication+TopViewController.swift in Sources */ = {isa = PBXBuildFile; fileRef = 173611411DDF419300050048 /* UIApplication+TopViewController.swift */; };
		173611471DDF6D4A00050048 /* PromoterEventTableViewController.swift in Sources */ = {isa = PBXBuildFile; fileRef = 173611461DDF6D4A00050048 /* PromoterEventTableViewController.swift */; };
		1736114B1DDFA64D00050048 /* GoerNavController.swift in Sources */ = {isa = PBXBuildFile; fileRef = 1736114A1DDFA64D00050048 /* GoerNavController.swift */; };
		1736114D1DDFAD0900050048 /* GoerLoginViewController.swift in Sources */ = {isa = PBXBuildFile; fileRef = 1736114C1DDFAD0900050048 /* GoerLoginViewController.swift */; };
		1736114F1DDFAD3500050048 /* GoerRegistrationViewController.swift in Sources */ = {isa = PBXBuildFile; fileRef = 1736114E1DDFAD3500050048 /* GoerRegistrationViewController.swift */; };
		174959D71DC9ED760004903D /* FalkinSansPERSONAL.ttf in Resources */ = {isa = PBXBuildFile; fileRef = 174959D61DC9ED760004903D /* FalkinSansPERSONAL.ttf */; };
		174BB8761DC665D000CDAE86 /* APIManager.swift in Sources */ = {isa = PBXBuildFile; fileRef = 174BB8751DC665D000CDAE86 /* APIManager.swift */; };
		174BB87C1DC6726000CDAE86 /* PromoterLoginViewController.swift in Sources */ = {isa = PBXBuildFile; fileRef = 174BB87B1DC6726000CDAE86 /* PromoterLoginViewController.swift */; };
		174BB87E1DC6729000CDAE86 /* PromoterRegistrationViewController.swift in Sources */ = {isa = PBXBuildFile; fileRef = 174BB87D1DC6729000CDAE86 /* PromoterRegistrationViewController.swift */; };
		174BB8821DC6774A00CDAE86 /* LoginViewModel.swift in Sources */ = {isa = PBXBuildFile; fileRef = 174BB8811DC6774A00CDAE86 /* LoginViewModel.swift */; };
		174BB8871DC683D000CDAE86 /* Sugar Plums.ttf in Resources */ = {isa = PBXBuildFile; fileRef = 174BB8861DC683D000CDAE86 /* Sugar Plums.ttf */; };
		174BB8891DC691C900CDAE86 /* Aguda Regular.ttf in Resources */ = {isa = PBXBuildFile; fileRef = 174BB8881DC691C900CDAE86 /* Aguda Regular.ttf */; };
		174BB88B1DC69E3300CDAE86 /* Aguda Bold.ttf in Resources */ = {isa = PBXBuildFile; fileRef = 174BB88A1DC69E3300CDAE86 /* Aguda Bold.ttf */; };
		175489981DC5222300993344 /* AppDelegate.swift in Sources */ = {isa = PBXBuildFile; fileRef = 175489971DC5222300993344 /* AppDelegate.swift */; };
		1754899A1DC5222300993344 /* ViewController.swift in Sources */ = {isa = PBXBuildFile; fileRef = 175489991DC5222300993344 /* ViewController.swift */; };
		1754899D1DC5222300993344 /* Main.storyboard in Resources */ = {isa = PBXBuildFile; fileRef = 1754899B1DC5222300993344 /* Main.storyboard */; };
		1754899F1DC5222300993344 /* Assets.xcassets in Resources */ = {isa = PBXBuildFile; fileRef = 1754899E1DC5222300993344 /* Assets.xcassets */; };
		175489A21DC5222300993344 /* LaunchScreen.storyboard in Resources */ = {isa = PBXBuildFile; fileRef = 175489A01DC5222300993344 /* LaunchScreen.storyboard */; };
		17563E891DDE22FE00ED545F /* Date+DateFormatter.swift in Sources */ = {isa = PBXBuildFile; fileRef = 17563E881DDE22FE00ED545F /* Date+DateFormatter.swift */; };
		17563E8C1DDE405400ED545F /* Wireframe.swift in Sources */ = {isa = PBXBuildFile; fileRef = 17563E8B1DDE405400ED545F /* Wireframe.swift */; };
		175FCAFF1DDB4DA4004014C9 /* ChooseLocationViewController.swift in Sources */ = {isa = PBXBuildFile; fileRef = 175FCAFE1DDB4DA4004014C9 /* ChooseLocationViewController.swift */; };
		175FCB011DDB76AE004014C9 /* CreateEventViewController+TextField.swift in Sources */ = {isa = PBXBuildFile; fileRef = 175FCB001DDB76AE004014C9 /* CreateEventViewController+TextField.swift */; };
		175FCB031DDB943D004014C9 /* PromoterEventsViewModel.swift in Sources */ = {isa = PBXBuildFile; fileRef = 175FCB021DDB943D004014C9 /* PromoterEventsViewModel.swift */; };
		1775F1441DD21ECD00B90EEA /* Alamofire.framework in Frameworks */ = {isa = PBXBuildFile; fileRef = 1775F13C1DD21ECD00B90EEA /* Alamofire.framework */; };
		1775F1451DD21ECD00B90EEA /* Alamofire.framework in Embed Frameworks */ = {isa = PBXBuildFile; fileRef = 1775F13C1DD21ECD00B90EEA /* Alamofire.framework */; settings = {ATTRIBUTES = (CodeSignOnCopy, RemoveHeadersOnCopy, ); }; };
		1775F1461DD21ECD00B90EEA /* ObjectMapper.framework in Frameworks */ = {isa = PBXBuildFile; fileRef = 1775F13D1DD21ECD00B90EEA /* ObjectMapper.framework */; };
		1775F1471DD21ECD00B90EEA /* ObjectMapper.framework in Embed Frameworks */ = {isa = PBXBuildFile; fileRef = 1775F13D1DD21ECD00B90EEA /* ObjectMapper.framework */; settings = {ATTRIBUTES = (CodeSignOnCopy, RemoveHeadersOnCopy, ); }; };
		1775F1481DD21ECD00B90EEA /* RxAlamofire.framework in Frameworks */ = {isa = PBXBuildFile; fileRef = 1775F13E1DD21ECD00B90EEA /* RxAlamofire.framework */; };
		1775F1491DD21ECD00B90EEA /* RxAlamofire.framework in Embed Frameworks */ = {isa = PBXBuildFile; fileRef = 1775F13E1DD21ECD00B90EEA /* RxAlamofire.framework */; settings = {ATTRIBUTES = (CodeSignOnCopy, RemoveHeadersOnCopy, ); }; };
		1775F14A1DD21ECD00B90EEA /* RxBlocking.framework in Frameworks */ = {isa = PBXBuildFile; fileRef = 1775F13F1DD21ECD00B90EEA /* RxBlocking.framework */; };
		1775F14B1DD21ECD00B90EEA /* RxBlocking.framework in Embed Frameworks */ = {isa = PBXBuildFile; fileRef = 1775F13F1DD21ECD00B90EEA /* RxBlocking.framework */; settings = {ATTRIBUTES = (CodeSignOnCopy, RemoveHeadersOnCopy, ); }; };
		1775F14C1DD21ECD00B90EEA /* RxCocoa.framework in Frameworks */ = {isa = PBXBuildFile; fileRef = 1775F1401DD21ECD00B90EEA /* RxCocoa.framework */; };
		1775F14D1DD21ECD00B90EEA /* RxCocoa.framework in Embed Frameworks */ = {isa = PBXBuildFile; fileRef = 1775F1401DD21ECD00B90EEA /* RxCocoa.framework */; settings = {ATTRIBUTES = (CodeSignOnCopy, RemoveHeadersOnCopy, ); }; };
		1775F14E1DD21ECD00B90EEA /* RxSwift.framework in Frameworks */ = {isa = PBXBuildFile; fileRef = 1775F1411DD21ECD00B90EEA /* RxSwift.framework */; };
		1775F14F1DD21ECD00B90EEA /* RxSwift.framework in Embed Frameworks */ = {isa = PBXBuildFile; fileRef = 1775F1411DD21ECD00B90EEA /* RxSwift.framework */; settings = {ATTRIBUTES = (CodeSignOnCopy, RemoveHeadersOnCopy, ); }; };
		1785052A1DD234AA00D5BD79 /* SwiftyJSON.framework in Frameworks */ = {isa = PBXBuildFile; fileRef = 178505291DD234AA00D5BD79 /* SwiftyJSON.framework */; };
		1785052B1DD234AA00D5BD79 /* SwiftyJSON.framework in Embed Frameworks */ = {isa = PBXBuildFile; fileRef = 178505291DD234AA00D5BD79 /* SwiftyJSON.framework */; settings = {ATTRIBUTES = (CodeSignOnCopy, RemoveHeadersOnCopy, ); }; };
		178505321DD23F3300D5BD79 /* PromoterNavController.swift in Sources */ = {isa = PBXBuildFile; fileRef = 178505311DD23F3300D5BD79 /* PromoterNavController.swift */; };
		1785053A1DD25A1B00D5BD79 /* EventTableViewCell.swift in Sources */ = {isa = PBXBuildFile; fileRef = 178505381DD25A1B00D5BD79 /* EventTableViewCell.swift */; };
		1785053B1DD25A1B00D5BD79 /* EventTableViewCell.xib in Resources */ = {isa = PBXBuildFile; fileRef = 178505391DD25A1B00D5BD79 /* EventTableViewCell.xib */; };
		178505401DD288D900D5BD79 /* EventCollectionViewCell.swift in Sources */ = {isa = PBXBuildFile; fileRef = 1785053E1DD288D900D5BD79 /* EventCollectionViewCell.swift */; };
		178505411DD288D900D5BD79 /* EventCollectionViewCell.xib in Resources */ = {isa = PBXBuildFile; fileRef = 1785053F1DD288D900D5BD79 /* EventCollectionViewCell.xib */; };
		178505431DD28A5A00D5BD79 /* PromoterEventsViewController.swift in Sources */ = {isa = PBXBuildFile; fileRef = 178505421DD28A5A00D5BD79 /* PromoterEventsViewController.swift */; };
		17B49F411DC803FD002FFA00 /* Pods_PartyTonight.framework in Frameworks */ = {isa = PBXBuildFile; fileRef = 213E09A20FF03D5C94A30589 /* Pods_PartyTonight.framework */; };
		17B49F421DC803FD002FFA00 /* Pods_PartyTonight.framework in Embed Frameworks */ = {isa = PBXBuildFile; fileRef = 213E09A20FF03D5C94A30589 /* Pods_PartyTonight.framework */; settings = {ATTRIBUTES = (CodeSignOnCopy, RemoveHeadersOnCopy, ); }; };
		17B8B52D1DD5A43300B784B8 /* PromoterEventsViewController+CollectionView.swift in Sources */ = {isa = PBXBuildFile; fileRef = 17B8B52C1DD5A43300B784B8 /* PromoterEventsViewController+CollectionView.swift */; };
		17B8B52F1DD5A50E00B784B8 /* CreateEventViewController.swift in Sources */ = {isa = PBXBuildFile; fileRef = 17B8B52E1DD5A50E00B784B8 /* CreateEventViewController.swift */; };
		17B8B5321DD5E43500B784B8 /* CreateEventViewModel.swift in Sources */ = {isa = PBXBuildFile; fileRef = 17B8B5311DD5E43500B784B8 /* CreateEventViewModel.swift */; };
		17B8B5341DD6147D00B784B8 /* Event.swift in Sources */ = {isa = PBXBuildFile; fileRef = 17B8B5331DD6147D00B784B8 /* Event.swift */; };
		17B8B5361DD6187400B784B8 /* BillingInfo.swift in Sources */ = {isa = PBXBuildFile; fileRef = 17B8B5351DD6187400B784B8 /* BillingInfo.swift */; };
		17C5B1AE1DCBE6C40093BC07 /* Token.swift in Sources */ = {isa = PBXBuildFile; fileRef = 17C5B1AD1DCBE6C40093BC07 /* Token.swift */; };
		17C5B1B01DCBF2240093BC07 /* RegistrationViewModel.swift in Sources */ = {isa = PBXBuildFile; fileRef = 17C5B1AF1DCBF2240093BC07 /* RegistrationViewModel.swift */; };
		17C5B1B31DCC6FB30093BC07 /* String+Encoding.swift in Sources */ = {isa = PBXBuildFile; fileRef = 17C5B1B21DCC6FB30093BC07 /* String+Encoding.swift */; };
		17CA197E1DE03F0800BD67A9 /* PromoterStatementTotalViewController.swift in Sources */ = {isa = PBXBuildFile; fileRef = 17CA197D1DE03F0800BD67A9 /* PromoterStatementTotalViewController.swift */; };
		17CA19821DE0405700BD67A9 /* PromoterTablesViewController.swift in Sources */ = {isa = PBXBuildFile; fileRef = 17CA19811DE0405700BD67A9 /* PromoterTablesViewController.swift */; };
		17CA19841DE0407600BD67A9 /* PromoterBottlesViewController.swift in Sources */ = {isa = PBXBuildFile; fileRef = 17CA19831DE0407600BD67A9 /* PromoterBottlesViewController.swift */; };
		17CA19861DE0693400BD67A9 /* BottlesTablesCell.swift in Sources */ = {isa = PBXBuildFile; fileRef = 17CA19851DE0693400BD67A9 /* BottlesTablesCell.swift */; };
		17DE96C11DD51CCD00FA5C43 /* TypePriceQuantityView.swift in Sources */ = {isa = PBXBuildFile; fileRef = 17DE96C01DD51CCD00FA5C43 /* TypePriceQuantityView.swift */; };
		17DE96C31DD51CF600FA5C43 /* TypePriceQuantityView.xib in Resources */ = {isa = PBXBuildFile; fileRef = 17DE96C21DD51CF600FA5C43 /* TypePriceQuantityView.xib */; };
/* End PBXBuildFile section */

/* Begin PBXCopyFilesBuildPhase section */
		17B49F431DC803FD002FFA00 /* Embed Frameworks */ = {
			isa = PBXCopyFilesBuildPhase;
			buildActionMask = 2147483647;
			dstPath = "";
			dstSubfolderSpec = 10;
			files = (
				1775F14D1DD21ECD00B90EEA /* RxCocoa.framework in Embed Frameworks */,
				1775F1471DD21ECD00B90EEA /* ObjectMapper.framework in Embed Frameworks */,
				1785052B1DD234AA00D5BD79 /* SwiftyJSON.framework in Embed Frameworks */,
				1775F14F1DD21ECD00B90EEA /* RxSwift.framework in Embed Frameworks */,
				1775F14B1DD21ECD00B90EEA /* RxBlocking.framework in Embed Frameworks */,
				17B49F421DC803FD002FFA00 /* Pods_PartyTonight.framework in Embed Frameworks */,
				1775F1451DD21ECD00B90EEA /* Alamofire.framework in Embed Frameworks */,
				1775F1491DD21ECD00B90EEA /* RxAlamofire.framework in Embed Frameworks */,
			);
			name = "Embed Frameworks";
			runOnlyForDeploymentPostprocessing = 0;
		};
/* End PBXCopyFilesBuildPhase section */

/* Begin PBXFileReference section */
		171CF25E1DC7C5B600CD4335 /* RxSwift.framework */ = {isa = PBXFileReference; lastKnownFileType = wrapper.framework; name = RxSwift.framework; path = Carthage/Build/iOS/RxSwift.framework; sourceTree = "<group>"; };
		171CF2611DC7C84C00CD4335 /* User.swift */ = {isa = PBXFileReference; fileEncoding = 4; lastKnownFileType = sourcecode.swift; name = User.swift; path = Entities/User.swift; sourceTree = "<group>"; };
		171CF2631DC7D57200CD4335 /* ObjectMapper.framework */ = {isa = PBXFileReference; lastKnownFileType = wrapper.framework; name = ObjectMapper.framework; path = Carthage/Build/iOS/ObjectMapper.framework; sourceTree = "<group>"; };
		171CF2671DC7F12800CD4335 /* RxAlamofire.framework */ = {isa = PBXFileReference; lastKnownFileType = wrapper.framework; name = RxAlamofire.framework; path = Carthage/Build/iOS/RxAlamofire.framework; sourceTree = "<group>"; };
		171CF2691DC802DA00CD4335 /* Alamofire.framework */ = {isa = PBXFileReference; lastKnownFileType = wrapper.framework; name = Alamofire.framework; path = Carthage/Build/iOS/Alamofire.framework; sourceTree = "<group>"; };
		171CF26A1DC802DA00CD4335 /* SwiftyJSON.framework */ = {isa = PBXFileReference; lastKnownFileType = wrapper.framework; name = SwiftyJSON.framework; path = Carthage/Build/iOS/SwiftyJSON.framework; sourceTree = "<group>"; };
		1735107F1DDC9D46008CCCF9 /* CreateEventViewController+Popover.swift */ = {isa = PBXFileReference; fileEncoding = 4; lastKnownFileType = sourcecode.swift; name = "CreateEventViewController+Popover.swift"; path = "Controllers/Promoter/Extentions/CreateEventViewController+Popover.swift"; sourceTree = "<group>"; };
		173510811DDC9DCD008CCCF9 /* DateTimePickerViewController.swift */ = {isa = PBXFileReference; fileEncoding = 4; lastKnownFileType = sourcecode.swift; name = DateTimePickerViewController.swift; path = Controllers/Promoter/DateTimePickerViewController.swift; sourceTree = "<group>"; };
		173611411DDF419300050048 /* UIApplication+TopViewController.swift */ = {isa = PBXFileReference; fileEncoding = 4; lastKnownFileType = sourcecode.swift; name = "UIApplication+TopViewController.swift"; path = "Extentions/UIApplication+TopViewController.swift"; sourceTree = "<group>"; };
		173611461DDF6D4A00050048 /* PromoterEventTableViewController.swift */ = {isa = PBXFileReference; fileEncoding = 4; lastKnownFileType = sourcecode.swift; name = PromoterEventTableViewController.swift; path = Controllers/Promoter/PromoterEventTableViewController.swift; sourceTree = "<group>"; };
		1736114A1DDFA64D00050048 /* GoerNavController.swift */ = {isa = PBXFileReference; fileEncoding = 4; lastKnownFileType = sourcecode.swift; name = GoerNavController.swift; path = Controllers/Navigation/GoerNavController.swift; sourceTree = "<group>"; };
		1736114C1DDFAD0900050048 /* GoerLoginViewController.swift */ = {isa = PBXFileReference; fileEncoding = 4; lastKnownFileType = sourcecode.swift; name = GoerLoginViewController.swift; path = Controllers/Authorization/GoerLoginViewController.swift; sourceTree = "<group>"; };
		1736114E1DDFAD3500050048 /* GoerRegistrationViewController.swift */ = {isa = PBXFileReference; fileEncoding = 4; lastKnownFileType = sourcecode.swift; name = GoerRegistrationViewController.swift; path = Controllers/Authorization/GoerRegistrationViewController.swift; sourceTree = "<group>"; };
		174959D61DC9ED760004903D /* FalkinSansPERSONAL.ttf */ = {isa = PBXFileReference; lastKnownFileType = file; name = FalkinSansPERSONAL.ttf; path = ../../fonts/falkinsans/FalkinSansPERSONAL.ttf; sourceTree = "<group>"; };
		174BB8751DC665D000CDAE86 /* APIManager.swift */ = {isa = PBXFileReference; fileEncoding = 4; lastKnownFileType = sourcecode.swift; name = APIManager.swift; path = REST/APIManager.swift; sourceTree = "<group>"; };
		174BB87B1DC6726000CDAE86 /* PromoterLoginViewController.swift */ = {isa = PBXFileReference; fileEncoding = 4; lastKnownFileType = sourcecode.swift; name = PromoterLoginViewController.swift; path = Controllers/Authorization/PromoterLoginViewController.swift; sourceTree = "<group>"; };
		174BB87D1DC6729000CDAE86 /* PromoterRegistrationViewController.swift */ = {isa = PBXFileReference; fileEncoding = 4; lastKnownFileType = sourcecode.swift; name = PromoterRegistrationViewController.swift; path = Controllers/Authorization/PromoterRegistrationViewController.swift; sourceTree = "<group>"; };
		174BB8811DC6774A00CDAE86 /* LoginViewModel.swift */ = {isa = PBXFileReference; fileEncoding = 4; lastKnownFileType = sourcecode.swift; name = LoginViewModel.swift; path = VM/Authorization/LoginViewModel.swift; sourceTree = "<group>"; };
		174BB8861DC683D000CDAE86 /* Sugar Plums.ttf */ = {isa = PBXFileReference; lastKnownFileType = file; path = "Sugar Plums.ttf"; sourceTree = "<group>"; };
		174BB8881DC691C900CDAE86 /* Aguda Regular.ttf */ = {isa = PBXFileReference; lastKnownFileType = file; path = "Aguda Regular.ttf"; sourceTree = "<group>"; };
		174BB88A1DC69E3300CDAE86 /* Aguda Bold.ttf */ = {isa = PBXFileReference; lastKnownFileType = file; path = "Aguda Bold.ttf"; sourceTree = "<group>"; };
		175489941DC5222300993344 /* PartyTonight.app */ = {isa = PBXFileReference; explicitFileType = wrapper.application; includeInIndex = 0; path = PartyTonight.app; sourceTree = BUILT_PRODUCTS_DIR; };
		175489971DC5222300993344 /* AppDelegate.swift */ = {isa = PBXFileReference; lastKnownFileType = sourcecode.swift; path = AppDelegate.swift; sourceTree = "<group>"; };
		175489991DC5222300993344 /* ViewController.swift */ = {isa = PBXFileReference; lastKnownFileType = sourcecode.swift; path = ViewController.swift; sourceTree = "<group>"; };
		1754899C1DC5222300993344 /* Base */ = {isa = PBXFileReference; lastKnownFileType = file.storyboard; name = Base; path = Base.lproj/Main.storyboard; sourceTree = "<group>"; };
		1754899E1DC5222300993344 /* Assets.xcassets */ = {isa = PBXFileReference; lastKnownFileType = folder.assetcatalog; path = Assets.xcassets; sourceTree = "<group>"; };
		175489A11DC5222300993344 /* Base */ = {isa = PBXFileReference; lastKnownFileType = file.storyboard; name = Base; path = Base.lproj/LaunchScreen.storyboard; sourceTree = "<group>"; };
		175489A31DC5222300993344 /* Info.plist */ = {isa = PBXFileReference; lastKnownFileType = text.plist.xml; path = Info.plist; sourceTree = "<group>"; };
		17563E881DDE22FE00ED545F /* Date+DateFormatter.swift */ = {isa = PBXFileReference; fileEncoding = 4; lastKnownFileType = sourcecode.swift; name = "Date+DateFormatter.swift"; path = "Extentions/Date+DateFormatter.swift"; sourceTree = "<group>"; };
		17563E8B1DDE405400ED545F /* Wireframe.swift */ = {isa = PBXFileReference; fileEncoding = 4; lastKnownFileType = sourcecode.swift; name = Wireframe.swift; path = Services/Wireframe.swift; sourceTree = "<group>"; };
		175FCAFE1DDB4DA4004014C9 /* ChooseLocationViewController.swift */ = {isa = PBXFileReference; fileEncoding = 4; lastKnownFileType = sourcecode.swift; name = ChooseLocationViewController.swift; path = Controllers/Map/ChooseLocationViewController.swift; sourceTree = "<group>"; };
		175FCB001DDB76AE004014C9 /* CreateEventViewController+TextField.swift */ = {isa = PBXFileReference; fileEncoding = 4; lastKnownFileType = sourcecode.swift; name = "CreateEventViewController+TextField.swift"; path = "Controllers/Promoter/Extentions/CreateEventViewController+TextField.swift"; sourceTree = "<group>"; };
		175FCB021DDB943D004014C9 /* PromoterEventsViewModel.swift */ = {isa = PBXFileReference; fileEncoding = 4; lastKnownFileType = sourcecode.swift; name = PromoterEventsViewModel.swift; path = VM/Promoter/PromoterEventsViewModel.swift; sourceTree = "<group>"; };
		1775F13C1DD21ECD00B90EEA /* Alamofire.framework */ = {isa = PBXFileReference; lastKnownFileType = wrapper.framework; name = Alamofire.framework; path = Carthage/Build/iOS/Alamofire.framework; sourceTree = "<group>"; };
		1775F13D1DD21ECD00B90EEA /* ObjectMapper.framework */ = {isa = PBXFileReference; lastKnownFileType = wrapper.framework; name = ObjectMapper.framework; path = Carthage/Build/iOS/ObjectMapper.framework; sourceTree = "<group>"; };
		1775F13E1DD21ECD00B90EEA /* RxAlamofire.framework */ = {isa = PBXFileReference; lastKnownFileType = wrapper.framework; name = RxAlamofire.framework; path = Carthage/Build/iOS/RxAlamofire.framework; sourceTree = "<group>"; };
		1775F13F1DD21ECD00B90EEA /* RxBlocking.framework */ = {isa = PBXFileReference; lastKnownFileType = wrapper.framework; name = RxBlocking.framework; path = Carthage/Build/iOS/RxBlocking.framework; sourceTree = "<group>"; };
		1775F1401DD21ECD00B90EEA /* RxCocoa.framework */ = {isa = PBXFileReference; lastKnownFileType = wrapper.framework; name = RxCocoa.framework; path = Carthage/Build/iOS/RxCocoa.framework; sourceTree = "<group>"; };
		1775F1411DD21ECD00B90EEA /* RxSwift.framework */ = {isa = PBXFileReference; lastKnownFileType = wrapper.framework; name = RxSwift.framework; path = Carthage/Build/iOS/RxSwift.framework; sourceTree = "<group>"; };
		1775F1421DD21ECD00B90EEA /* RxTest.framework */ = {isa = PBXFileReference; lastKnownFileType = wrapper.framework; name = RxTest.framework; path = Carthage/Build/iOS/RxTest.framework; sourceTree = "<group>"; };
		1775F1431DD21ECD00B90EEA /* SwiftyJSON.framework */ = {isa = PBXFileReference; lastKnownFileType = wrapper.framework; name = SwiftyJSON.framework; path = Carthage/Build/iOS/SwiftyJSON.framework; sourceTree = "<group>"; };
		1775F1541DD21F3100B90EEA /* SwiftyJSON.framework */ = {isa = PBXFileReference; lastKnownFileType = wrapper.framework; name = SwiftyJSON.framework; path = Carthage/Build/iOS/SwiftyJSON.framework; sourceTree = "<group>"; };
		178505291DD234AA00D5BD79 /* SwiftyJSON.framework */ = {isa = PBXFileReference; lastKnownFileType = wrapper.framework; name = SwiftyJSON.framework; path = Carthage/Build/iOS/SwiftyJSON.framework; sourceTree = "<group>"; };
		1785052C1DD2357A00D5BD79 /* XCTest.framework */ = {isa = PBXFileReference; lastKnownFileType = wrapper.framework; name = XCTest.framework; path = Platforms/iPhoneOS.platform/Developer/Library/Frameworks/XCTest.framework; sourceTree = DEVELOPER_DIR; };
		178505311DD23F3300D5BD79 /* PromoterNavController.swift */ = {isa = PBXFileReference; fileEncoding = 4; lastKnownFileType = sourcecode.swift; name = PromoterNavController.swift; path = Controllers/Navigation/PromoterNavController.swift; sourceTree = "<group>"; };
		178505381DD25A1B00D5BD79 /* EventTableViewCell.swift */ = {isa = PBXFileReference; fileEncoding = 4; lastKnownFileType = sourcecode.swift; name = EventTableViewCell.swift; path = UI/EventTableViewCell.swift; sourceTree = "<group>"; };
		178505391DD25A1B00D5BD79 /* EventTableViewCell.xib */ = {isa = PBXFileReference; fileEncoding = 4; lastKnownFileType = file.xib; name = EventTableViewCell.xib; path = UI/EventTableViewCell.xib; sourceTree = "<group>"; };
		1785053E1DD288D900D5BD79 /* EventCollectionViewCell.swift */ = {isa = PBXFileReference; fileEncoding = 4; lastKnownFileType = sourcecode.swift; name = EventCollectionViewCell.swift; path = UI/EventCollectionViewCell.swift; sourceTree = "<group>"; };
		1785053F1DD288D900D5BD79 /* EventCollectionViewCell.xib */ = {isa = PBXFileReference; fileEncoding = 4; lastKnownFileType = file.xib; name = EventCollectionViewCell.xib; path = UI/EventCollectionViewCell.xib; sourceTree = "<group>"; };
		178505421DD28A5A00D5BD79 /* PromoterEventsViewController.swift */ = {isa = PBXFileReference; fileEncoding = 4; lastKnownFileType = sourcecode.swift; name = PromoterEventsViewController.swift; path = Controllers/Promoter/PromoterEventsViewController.swift; sourceTree = "<group>"; };
		17B49F441DC80458002FFA00 /* RxCocoa.framework */ = {isa = PBXFileReference; lastKnownFileType = wrapper.framework; name = RxCocoa.framework; path = Carthage/Build/iOS/RxCocoa.framework; sourceTree = "<group>"; };
		17B8B52C1DD5A43300B784B8 /* PromoterEventsViewController+CollectionView.swift */ = {isa = PBXFileReference; fileEncoding = 4; lastKnownFileType = sourcecode.swift; name = "PromoterEventsViewController+CollectionView.swift"; path = "Controllers/Promoter/Extentions/PromoterEventsViewController+CollectionView.swift"; sourceTree = "<group>"; };
		17B8B52E1DD5A50E00B784B8 /* CreateEventViewController.swift */ = {isa = PBXFileReference; fileEncoding = 4; lastKnownFileType = sourcecode.swift; name = CreateEventViewController.swift; path = Controllers/Promoter/CreateEventViewController.swift; sourceTree = "<group>"; };
		17B8B5311DD5E43500B784B8 /* CreateEventViewModel.swift */ = {isa = PBXFileReference; fileEncoding = 4; lastKnownFileType = sourcecode.swift; name = CreateEventViewModel.swift; path = VM/Promoter/CreateEventViewModel.swift; sourceTree = "<group>"; };
		17B8B5331DD6147D00B784B8 /* Event.swift */ = {isa = PBXFileReference; fileEncoding = 4; lastKnownFileType = sourcecode.swift; name = Event.swift; path = Entities/Event.swift; sourceTree = "<group>"; };
		17B8B5351DD6187400B784B8 /* BillingInfo.swift */ = {isa = PBXFileReference; fileEncoding = 4; lastKnownFileType = sourcecode.swift; name = BillingInfo.swift; path = Entities/BillingInfo.swift; sourceTree = "<group>"; };
		17C5B1AD1DCBE6C40093BC07 /* Token.swift */ = {isa = PBXFileReference; fileEncoding = 4; lastKnownFileType = sourcecode.swift; name = Token.swift; path = Entities/Token.swift; sourceTree = "<group>"; };
		17C5B1AF1DCBF2240093BC07 /* RegistrationViewModel.swift */ = {isa = PBXFileReference; fileEncoding = 4; lastKnownFileType = sourcecode.swift; name = RegistrationViewModel.swift; path = VM/Authorization/RegistrationViewModel.swift; sourceTree = "<group>"; };
		17C5B1B21DCC6FB30093BC07 /* String+Encoding.swift */ = {isa = PBXFileReference; fileEncoding = 4; lastKnownFileType = sourcecode.swift; name = "String+Encoding.swift"; path = "Extentions/String+Encoding.swift"; sourceTree = "<group>"; };
		17CA197D1DE03F0800BD67A9 /* PromoterStatementTotalViewController.swift */ = {isa = PBXFileReference; fileEncoding = 4; lastKnownFileType = sourcecode.swift; name = PromoterStatementTotalViewController.swift; path = Controllers/Promoter/PromoterStatementTotalViewController.swift; sourceTree = "<group>"; };
		17CA19811DE0405700BD67A9 /* PromoterTablesViewController.swift */ = {isa = PBXFileReference; fileEncoding = 4; lastKnownFileType = sourcecode.swift; name = PromoterTablesViewController.swift; path = Controllers/Promoter/PromoterTablesViewController.swift; sourceTree = "<group>"; };
		17CA19831DE0407600BD67A9 /* PromoterBottlesViewController.swift */ = {isa = PBXFileReference; fileEncoding = 4; lastKnownFileType = sourcecode.swift; name = PromoterBottlesViewController.swift; path = Controllers/Promoter/PromoterBottlesViewController.swift; sourceTree = "<group>"; };
		17CA19851DE0693400BD67A9 /* BottlesTablesCell.swift */ = {isa = PBXFileReference; fileEncoding = 4; lastKnownFileType = sourcecode.swift; name = BottlesTablesCell.swift; path = UI/BottlesTablesCell.swift; sourceTree = "<group>"; };
		17DE96C01DD51CCD00FA5C43 /* TypePriceQuantityView.swift */ = {isa = PBXFileReference; fileEncoding = 4; lastKnownFileType = sourcecode.swift; name = TypePriceQuantityView.swift; path = UI/TypePriceQuantityView.swift; sourceTree = "<group>"; };
		17DE96C21DD51CF600FA5C43 /* TypePriceQuantityView.xib */ = {isa = PBXFileReference; fileEncoding = 4; lastKnownFileType = file.xib; name = TypePriceQuantityView.xib; path = UI/TypePriceQuantityView.xib; sourceTree = "<group>"; };
		213E09A20FF03D5C94A30589 /* Pods_PartyTonight.framework */ = {isa = PBXFileReference; explicitFileType = wrapper.framework; includeInIndex = 0; path = Pods_PartyTonight.framework; sourceTree = BUILT_PRODUCTS_DIR; };
		821866A83DBAF48E25583913 /* Pods-PartyTonight.debug.xcconfig */ = {isa = PBXFileReference; includeInIndex = 1; lastKnownFileType = text.xcconfig; name = "Pods-PartyTonight.debug.xcconfig"; path = "Pods/Target Support Files/Pods-PartyTonight/Pods-PartyTonight.debug.xcconfig"; sourceTree = "<group>"; };
		EF07FB577222FA3485322B90 /* Pods-PartyTonight.release.xcconfig */ = {isa = PBXFileReference; includeInIndex = 1; lastKnownFileType = text.xcconfig; name = "Pods-PartyTonight.release.xcconfig"; path = "Pods/Target Support Files/Pods-PartyTonight/Pods-PartyTonight.release.xcconfig"; sourceTree = "<group>"; };
/* End PBXFileReference section */

/* Begin PBXFrameworksBuildPhase section */
		175489911DC5222300993344 /* Frameworks */ = {
			isa = PBXFrameworksBuildPhase;
			buildActionMask = 2147483647;
			files = (
				1775F14C1DD21ECD00B90EEA /* RxCocoa.framework in Frameworks */,
				1775F1461DD21ECD00B90EEA /* ObjectMapper.framework in Frameworks */,
				1785052A1DD234AA00D5BD79 /* SwiftyJSON.framework in Frameworks */,
				1775F14E1DD21ECD00B90EEA /* RxSwift.framework in Frameworks */,
				1775F14A1DD21ECD00B90EEA /* RxBlocking.framework in Frameworks */,
				17B49F411DC803FD002FFA00 /* Pods_PartyTonight.framework in Frameworks */,
				1775F1441DD21ECD00B90EEA /* Alamofire.framework in Frameworks */,
				1775F1481DD21ECD00B90EEA /* RxAlamofire.framework in Frameworks */,
			);
			runOnlyForDeploymentPostprocessing = 0;
		};
/* End PBXFrameworksBuildPhase section */

/* Begin PBXGroup section */
		171CF25D1DC7C5B400CD4335 /* Frameworks */ = {
			isa = PBXGroup;
			children = (
				1785052C1DD2357A00D5BD79 /* XCTest.framework */,
				17B49F441DC80458002FFA00 /* RxCocoa.framework */,
				171CF2691DC802DA00CD4335 /* Alamofire.framework */,
				171CF26A1DC802DA00CD4335 /* SwiftyJSON.framework */,
				171CF2671DC7F12800CD4335 /* RxAlamofire.framework */,
				171CF2631DC7D57200CD4335 /* ObjectMapper.framework */,
				171CF25E1DC7C5B600CD4335 /* RxSwift.framework */,
				213E09A20FF03D5C94A30589 /* Pods_PartyTonight.framework */,
			);
			name = Frameworks;
			sourceTree = "<group>";
		};
		171CF2601DC7C7DF00CD4335 /* Entities */ = {
			isa = PBXGroup;
			children = (
				171CF2611DC7C84C00CD4335 /* User.swift */,
				17C5B1AD1DCBE6C40093BC07 /* Token.swift */,
				17B8B5331DD6147D00B784B8 /* Event.swift */,
				17B8B5351DD6187400B784B8 /* BillingInfo.swift */,
			);
			name = Entities;
			sourceTree = "<group>";
		};
		173611431DDF6CC200050048 /* Event */ = {
			isa = PBXGroup;
			children = (
				178505421DD28A5A00D5BD79 /* PromoterEventsViewController.swift */,
				17B8B52E1DD5A50E00B784B8 /* CreateEventViewController.swift */,
				173611461DDF6D4A00050048 /* PromoterEventTableViewController.swift */,
				17CA197D1DE03F0800BD67A9 /* PromoterStatementTotalViewController.swift */,
				17CA19811DE0405700BD67A9 /* PromoterTablesViewController.swift */,
				17CA19831DE0407600BD67A9 /* PromoterBottlesViewController.swift */,
			);
			name = Event;
			sourceTree = "<group>";
		};
		174BB8741DC665B200CDAE86 /* REST */ = {
			isa = PBXGroup;
			children = (
				174BB8751DC665D000CDAE86 /* APIManager.swift */,
			);
			name = REST;
			sourceTree = "<group>";
		};
		174BB8771DC6706200CDAE86 /* Controllers */ = {
			isa = PBXGroup;
			children = (
				175FCAFD1DDB4D36004014C9 /* Map */,
				178505341DD2576200D5BD79 /* Promoter */,
				178505331DD2575B00D5BD79 /* Goer */,
				178505301DD23EE000D5BD79 /* Navigation */,
				174BB8781DC6708100CDAE86 /* Authorization */,
			);
			name = Controllers;
			sourceTree = "<group>";
		};
		174BB8781DC6708100CDAE86 /* Authorization */ = {
			isa = PBXGroup;
			children = (
				174BB87B1DC6726000CDAE86 /* PromoterLoginViewController.swift */,
				174BB87D1DC6729000CDAE86 /* PromoterRegistrationViewController.swift */,
				1736114C1DDFAD0900050048 /* GoerLoginViewController.swift */,
				1736114E1DDFAD3500050048 /* GoerRegistrationViewController.swift */,
			);
			name = Authorization;
			sourceTree = "<group>";
		};
		174BB87F1DC6746000CDAE86 /* VM */ = {
			isa = PBXGroup;
			children = (
				17B8B5301DD5E40800B784B8 /* Promoter */,
				174BB8801DC6747600CDAE86 /* Authorization */,
			);
			name = VM;
			sourceTree = "<group>";
		};
		174BB8801DC6747600CDAE86 /* Authorization */ = {
			isa = PBXGroup;
			children = (
				174BB8811DC6774A00CDAE86 /* LoginViewModel.swift */,
				17C5B1AF1DCBF2240093BC07 /* RegistrationViewModel.swift */,
			);
			name = Authorization;
			sourceTree = "<group>";
		};
		174BB8831DC6814400CDAE86 /* Resources */ = {
			isa = PBXGroup;
			children = (
				174959D61DC9ED760004903D /* FalkinSansPERSONAL.ttf */,
				174BB88A1DC69E3300CDAE86 /* Aguda Bold.ttf */,
				174BB8881DC691C900CDAE86 /* Aguda Regular.ttf */,
				174BB8861DC683D000CDAE86 /* Sugar Plums.ttf */,
			);
			name = Resources;
			sourceTree = "<group>";
		};
		1754898B1DC5222300993344 = {
			isa = PBXGroup;
			children = (
				178505291DD234AA00D5BD79 /* SwiftyJSON.framework */,
				1775F1541DD21F3100B90EEA /* SwiftyJSON.framework */,
				1775F13C1DD21ECD00B90EEA /* Alamofire.framework */,
				1775F13D1DD21ECD00B90EEA /* ObjectMapper.framework */,
				1775F13E1DD21ECD00B90EEA /* RxAlamofire.framework */,
				1775F13F1DD21ECD00B90EEA /* RxBlocking.framework */,
				1775F1401DD21ECD00B90EEA /* RxCocoa.framework */,
				1775F1411DD21ECD00B90EEA /* RxSwift.framework */,
				1775F1421DD21ECD00B90EEA /* RxTest.framework */,
				1775F1431DD21ECD00B90EEA /* SwiftyJSON.framework */,
				175489961DC5222300993344 /* PartyTonight */,
				175489951DC5222300993344 /* Products */,
				171CF25D1DC7C5B400CD4335 /* Frameworks */,
				2EE57DD04DF2E008CF01537E /* Pods */,
			);
			sourceTree = "<group>";
		};
		175489951DC5222300993344 /* Products */ = {
			isa = PBXGroup;
			children = (
				175489941DC5222300993344 /* PartyTonight.app */,
			);
			name = Products;
			sourceTree = "<group>";
		};
		175489961DC5222300993344 /* PartyTonight */ = {
			isa = PBXGroup;
			children = (
				17563E8A1DDE402400ED545F /* Services */,
				178505371DD259ED00D5BD79 /* UI */,
				17C5B1B11DCC6F890093BC07 /* Extentions */,
				171CF2601DC7C7DF00CD4335 /* Entities */,
				174BB8831DC6814400CDAE86 /* Resources */,
				174BB87F1DC6746000CDAE86 /* VM */,
				174BB8771DC6706200CDAE86 /* Controllers */,
				174BB8741DC665B200CDAE86 /* REST */,
				175489971DC5222300993344 /* AppDelegate.swift */,
				175489991DC5222300993344 /* ViewController.swift */,
				1754899B1DC5222300993344 /* Main.storyboard */,
				1754899E1DC5222300993344 /* Assets.xcassets */,
				175489A01DC5222300993344 /* LaunchScreen.storyboard */,
				175489A31DC5222300993344 /* Info.plist */,
			);
			path = PartyTonight;
			sourceTree = "<group>";
		};
		17563E8A1DDE402400ED545F /* Services */ = {
			isa = PBXGroup;
			children = (
				17563E8B1DDE405400ED545F /* Wireframe.swift */,
			);
			name = Services;
			sourceTree = "<group>";
		};
		175FCAFD1DDB4D36004014C9 /* Map */ = {
			isa = PBXGroup;
			children = (
				175FCAFE1DDB4DA4004014C9 /* ChooseLocationViewController.swift */,
			);
			name = Map;
			sourceTree = "<group>";
		};
		178505301DD23EE000D5BD79 /* Navigation */ = {
			isa = PBXGroup;
			children = (
				178505311DD23F3300D5BD79 /* PromoterNavController.swift */,
				1736114A1DDFA64D00050048 /* GoerNavController.swift */,
			);
			name = Navigation;
			sourceTree = "<group>";
		};
		178505331DD2575B00D5BD79 /* Goer */ = {
			isa = PBXGroup;
			children = (
			);
			name = Goer;
			sourceTree = "<group>";
		};
		178505341DD2576200D5BD79 /* Promoter */ = {
			isa = PBXGroup;
			children = (
				173611431DDF6CC200050048 /* Event */,
				17B8B52B1DD5A3ED00B784B8 /* Extentions */,
				173510811DDC9DCD008CCCF9 /* DateTimePickerViewController.swift */,
			);
			name = Promoter;
			sourceTree = "<group>";
		};
		178505371DD259ED00D5BD79 /* UI */ = {
			isa = PBXGroup;
			children = (
				178505381DD25A1B00D5BD79 /* EventTableViewCell.swift */,
				178505391DD25A1B00D5BD79 /* EventTableViewCell.xib */,
				1785053E1DD288D900D5BD79 /* EventCollectionViewCell.swift */,
				1785053F1DD288D900D5BD79 /* EventCollectionViewCell.xib */,
				17DE96C01DD51CCD00FA5C43 /* TypePriceQuantityView.swift */,
				17DE96C21DD51CF600FA5C43 /* TypePriceQuantityView.xib */,
				17CA19851DE0693400BD67A9 /* BottlesTablesCell.swift */,
			);
			name = UI;
			sourceTree = "<group>";
		};
		17B8B52B1DD5A3ED00B784B8 /* Extentions */ = {
			isa = PBXGroup;
			children = (
				17B8B52C1DD5A43300B784B8 /* PromoterEventsViewController+CollectionView.swift */,
				175FCB001DDB76AE004014C9 /* CreateEventViewController+TextField.swift */,
				1735107F1DDC9D46008CCCF9 /* CreateEventViewController+Popover.swift */,
			);
			name = Extentions;
			sourceTree = "<group>";
		};
		17B8B5301DD5E40800B784B8 /* Promoter */ = {
			isa = PBXGroup;
			children = (
				17B8B5311DD5E43500B784B8 /* CreateEventViewModel.swift */,
				175FCB021DDB943D004014C9 /* PromoterEventsViewModel.swift */,
			);
			name = Promoter;
			sourceTree = "<group>";
		};
		17C5B1B11DCC6F890093BC07 /* Extentions */ = {
			isa = PBXGroup;
			children = (
				17C5B1B21DCC6FB30093BC07 /* String+Encoding.swift */,
				17563E881DDE22FE00ED545F /* Date+DateFormatter.swift */,
				173611411DDF419300050048 /* UIApplication+TopViewController.swift */,
			);
			name = Extentions;
			sourceTree = "<group>";
		};
		2EE57DD04DF2E008CF01537E /* Pods */ = {
			isa = PBXGroup;
			children = (
				821866A83DBAF48E25583913 /* Pods-PartyTonight.debug.xcconfig */,
				EF07FB577222FA3485322B90 /* Pods-PartyTonight.release.xcconfig */,
			);
			name = Pods;
			sourceTree = "<group>";
		};
/* End PBXGroup section */

/* Begin PBXNativeTarget section */
		175489931DC5222300993344 /* PartyTonight */ = {
			isa = PBXNativeTarget;
			buildConfigurationList = 175489A61DC5222300993344 /* Build configuration list for PBXNativeTarget "PartyTonight" */;
			buildPhases = (
				A2A3D86CBD8C750B1C87CE2E /* [CP] Check Pods Manifest.lock */,
				175489901DC5222300993344 /* Sources */,
				175489911DC5222300993344 /* Frameworks */,
				175489921DC5222300993344 /* Resources */,
				2E94D1289F8426367EF06DD1 /* [CP] Embed Pods Frameworks */,
				A3DEBE27F625EAD93C2B38E6 /* [CP] Copy Pods Resources */,
				17B49F431DC803FD002FFA00 /* Embed Frameworks */,
			);
			buildRules = (
			);
			dependencies = (
			);
			name = PartyTonight;
			productName = PartyTonight;
			productReference = 175489941DC5222300993344 /* PartyTonight.app */;
			productType = "com.apple.product-type.application";
		};
/* End PBXNativeTarget section */

/* Begin PBXProject section */
		1754898C1DC5222300993344 /* Project object */ = {
			isa = PBXProject;
			attributes = {
				LastSwiftUpdateCheck = 0800;
				LastUpgradeCheck = 0800;
				ORGANIZATIONNAME = "Igor Kasyanenko";
				TargetAttributes = {
					175489931DC5222300993344 = {
						CreatedOnToolsVersion = 8.0;
						DevelopmentTeam = 5BCDXKAUFJ;
						LastSwiftMigration = 0800;
						ProvisioningStyle = Automatic;
					};
				};
			};
			buildConfigurationList = 1754898F1DC5222300993344 /* Build configuration list for PBXProject "PartyTonight" */;
			compatibilityVersion = "Xcode 3.2";
			developmentRegion = English;
			hasScannedForEncodings = 0;
			knownRegions = (
				en,
				Base,
			);
			mainGroup = 1754898B1DC5222300993344;
			productRefGroup = 175489951DC5222300993344 /* Products */;
			projectDirPath = "";
			projectRoot = "";
			targets = (
				175489931DC5222300993344 /* PartyTonight */,
			);
		};
/* End PBXProject section */

/* Begin PBXResourcesBuildPhase section */
		175489921DC5222300993344 /* Resources */ = {
			isa = PBXResourcesBuildPhase;
			buildActionMask = 2147483647;
			files = (
				175489A21DC5222300993344 /* LaunchScreen.storyboard in Resources */,
				174BB88B1DC69E3300CDAE86 /* Aguda Bold.ttf in Resources */,
				1754899F1DC5222300993344 /* Assets.xcassets in Resources */,
				17DE96C31DD51CF600FA5C43 /* TypePriceQuantityView.xib in Resources */,
				174959D71DC9ED760004903D /* FalkinSansPERSONAL.ttf in Resources */,
				1785053B1DD25A1B00D5BD79 /* EventTableViewCell.xib in Resources */,
				174BB8891DC691C900CDAE86 /* Aguda Regular.ttf in Resources */,
				174BB8871DC683D000CDAE86 /* Sugar Plums.ttf in Resources */,
				1754899D1DC5222300993344 /* Main.storyboard in Resources */,
				178505411DD288D900D5BD79 /* EventCollectionViewCell.xib in Resources */,
			);
			runOnlyForDeploymentPostprocessing = 0;
		};
/* End PBXResourcesBuildPhase section */

/* Begin PBXShellScriptBuildPhase section */
		2E94D1289F8426367EF06DD1 /* [CP] Embed Pods Frameworks */ = {
			isa = PBXShellScriptBuildPhase;
			buildActionMask = 2147483647;
			files = (
			);
			inputPaths = (
			);
			name = "[CP] Embed Pods Frameworks";
			outputPaths = (
			);
			runOnlyForDeploymentPostprocessing = 0;
			shellPath = /bin/sh;
			shellScript = "\"${SRCROOT}/Pods/Target Support Files/Pods-PartyTonight/Pods-PartyTonight-frameworks.sh\"\n";
			showEnvVarsInLog = 0;
		};
		A2A3D86CBD8C750B1C87CE2E /* [CP] Check Pods Manifest.lock */ = {
			isa = PBXShellScriptBuildPhase;
			buildActionMask = 2147483647;
			files = (
			);
			inputPaths = (
			);
			name = "[CP] Check Pods Manifest.lock";
			outputPaths = (
			);
			runOnlyForDeploymentPostprocessing = 0;
			shellPath = /bin/sh;
			shellScript = "diff \"${PODS_ROOT}/../Podfile.lock\" \"${PODS_ROOT}/Manifest.lock\" > /dev/null\nif [[ $? != 0 ]] ; then\n    cat << EOM\nerror: The sandbox is not in sync with the Podfile.lock. Run 'pod install' or update your CocoaPods installation.\nEOM\n    exit 1\nfi\n";
			showEnvVarsInLog = 0;
		};
		A3DEBE27F625EAD93C2B38E6 /* [CP] Copy Pods Resources */ = {
			isa = PBXShellScriptBuildPhase;
			buildActionMask = 2147483647;
			files = (
			);
			inputPaths = (
			);
			name = "[CP] Copy Pods Resources";
			outputPaths = (
			);
			runOnlyForDeploymentPostprocessing = 0;
			shellPath = /bin/sh;
			shellScript = "\"${SRCROOT}/Pods/Target Support Files/Pods-PartyTonight/Pods-PartyTonight-resources.sh\"\n";
			showEnvVarsInLog = 0;
		};
/* End PBXShellScriptBuildPhase section */

/* Begin PBXSourcesBuildPhase section */
		175489901DC5222300993344 /* Sources */ = {
			isa = PBXSourcesBuildPhase;
			buildActionMask = 2147483647;
			files = (
				1785053A1DD25A1B00D5BD79 /* EventTableViewCell.swift in Sources */,
				17CA19821DE0405700BD67A9 /* PromoterTablesViewController.swift in Sources */,
				17CA19861DE0693400BD67A9 /* BottlesTablesCell.swift in Sources */,
				17B8B5361DD6187400B784B8 /* BillingInfo.swift in Sources */,
				1736114D1DDFAD0900050048 /* GoerLoginViewController.swift in Sources */,
				178505431DD28A5A00D5BD79 /* PromoterEventsViewController.swift in Sources */,
				173611421DDF419300050048 /* UIApplication+TopViewController.swift in Sources */,
				175FCB031DDB943D004014C9 /* PromoterEventsViewModel.swift in Sources */,
				1736114F1DDFAD3500050048 /* GoerRegistrationViewController.swift in Sources */,
				17DE96C11DD51CCD00FA5C43 /* TypePriceQuantityView.swift in Sources */,
				178505401DD288D900D5BD79 /* EventCollectionViewCell.swift in Sources */,
				174BB87C1DC6726000CDAE86 /* PromoterLoginViewController.swift in Sources */,
				17B8B5321DD5E43500B784B8 /* CreateEventViewModel.swift in Sources */,
				17B8B5341DD6147D00B784B8 /* Event.swift in Sources */,
				173510821DDC9DCD008CCCF9 /* DateTimePickerViewController.swift in Sources */,
				17C5B1B31DCC6FB30093BC07 /* String+Encoding.swift in Sources */,
				17C5B1B01DCBF2240093BC07 /* RegistrationViewModel.swift in Sources */,
				174BB8761DC665D000CDAE86 /* APIManager.swift in Sources */,
				174BB8821DC6774A00CDAE86 /* LoginViewModel.swift in Sources */,
				173611471DDF6D4A00050048 /* PromoterEventTableViewController.swift in Sources */,
				17563E891DDE22FE00ED545F /* Date+DateFormatter.swift in Sources */,
				1754899A1DC5222300993344 /* ViewController.swift in Sources */,
				17B8B52D1DD5A43300B784B8 /* PromoterEventsViewController+CollectionView.swift in Sources */,
				175FCAFF1DDB4DA4004014C9 /* ChooseLocationViewController.swift in Sources */,
				17CA197E1DE03F0800BD67A9 /* PromoterStatementTotalViewController.swift in Sources */,
				1736114B1DDFA64D00050048 /* GoerNavController.swift in Sources */,
				174BB87E1DC6729000CDAE86 /* PromoterRegistrationViewController.swift in Sources */,
				17B8B52F1DD5A50E00B784B8 /* CreateEventViewController.swift in Sources */,
				178505321DD23F3300D5BD79 /* PromoterNavController.swift in Sources */,
				175489981DC5222300993344 /* AppDelegate.swift in Sources */,
				17CA19841DE0407600BD67A9 /* PromoterBottlesViewController.swift in Sources */,
				175FCB011DDB76AE004014C9 /* CreateEventViewController+TextField.swift in Sources */,
				17563E8C1DDE405400ED545F /* Wireframe.swift in Sources */,
				173510801DDC9D46008CCCF9 /* CreateEventViewController+Popover.swift in Sources */,
				171CF2621DC7C84C00CD4335 /* User.swift in Sources */,
				17C5B1AE1DCBE6C40093BC07 /* Token.swift in Sources */,
			);
			runOnlyForDeploymentPostprocessing = 0;
		};
/* End PBXSourcesBuildPhase section */

/* Begin PBXVariantGroup section */
		1754899B1DC5222300993344 /* Main.storyboard */ = {
			isa = PBXVariantGroup;
			children = (
				1754899C1DC5222300993344 /* Base */,
			);
			name = Main.storyboard;
			sourceTree = "<group>";
		};
		175489A01DC5222300993344 /* LaunchScreen.storyboard */ = {
			isa = PBXVariantGroup;
			children = (
				175489A11DC5222300993344 /* Base */,
			);
			name = LaunchScreen.storyboard;
			sourceTree = "<group>";
		};
/* End PBXVariantGroup section */

/* Begin XCBuildConfiguration section */
		175489A41DC5222300993344 /* Debug */ = {
			isa = XCBuildConfiguration;
			buildSettings = {
				ALWAYS_SEARCH_USER_PATHS = NO;
				CLANG_ANALYZER_NONNULL = YES;
				CLANG_CXX_LANGUAGE_STANDARD = "gnu++0x";
				CLANG_CXX_LIBRARY = "libc++";
				CLANG_ENABLE_MODULES = YES;
				CLANG_ENABLE_OBJC_ARC = YES;
				CLANG_WARN_BOOL_CONVERSION = YES;
				CLANG_WARN_CONSTANT_CONVERSION = YES;
				CLANG_WARN_DIRECT_OBJC_ISA_USAGE = YES_ERROR;
				CLANG_WARN_DOCUMENTATION_COMMENTS = YES;
				CLANG_WARN_EMPTY_BODY = YES;
				CLANG_WARN_ENUM_CONVERSION = YES;
				CLANG_WARN_INFINITE_RECURSION = YES;
				CLANG_WARN_INT_CONVERSION = YES;
				CLANG_WARN_OBJC_ROOT_CLASS = YES_ERROR;
				CLANG_WARN_SUSPICIOUS_MOVE = YES;
				CLANG_WARN_SUSPICIOUS_MOVES = YES;
				CLANG_WARN_UNREACHABLE_CODE = YES;
				CLANG_WARN__DUPLICATE_METHOD_MATCH = YES;
				"CODE_SIGN_IDENTITY[sdk=iphoneos*]" = "iPhone Developer";
				COPY_PHASE_STRIP = NO;
				DEBUG_INFORMATION_FORMAT = dwarf;
				ENABLE_STRICT_OBJC_MSGSEND = YES;
				ENABLE_TESTABILITY = YES;
				GCC_C_LANGUAGE_STANDARD = gnu99;
				GCC_DYNAMIC_NO_PIC = NO;
				GCC_NO_COMMON_BLOCKS = YES;
				GCC_OPTIMIZATION_LEVEL = 0;
				GCC_PREPROCESSOR_DEFINITIONS = (
					"DEBUG=1",
					"$(inherited)",
				);
				GCC_WARN_64_TO_32_BIT_CONVERSION = YES;
				GCC_WARN_ABOUT_RETURN_TYPE = YES_ERROR;
				GCC_WARN_UNDECLARED_SELECTOR = YES;
				GCC_WARN_UNINITIALIZED_AUTOS = YES_AGGRESSIVE;
				GCC_WARN_UNUSED_FUNCTION = YES;
				GCC_WARN_UNUSED_VARIABLE = YES;
				IPHONEOS_DEPLOYMENT_TARGET = 10.0;
				MTL_ENABLE_DEBUG_INFO = YES;
				ONLY_ACTIVE_ARCH = YES;
				SDKROOT = iphoneos;
				SWIFT_ACTIVE_COMPILATION_CONDITIONS = DEBUG;
				SWIFT_OPTIMIZATION_LEVEL = "-Onone";
				TARGETED_DEVICE_FAMILY = "1,2";
			};
			name = Debug;
		};
		175489A51DC5222300993344 /* Release */ = {
			isa = XCBuildConfiguration;
			buildSettings = {
				ALWAYS_SEARCH_USER_PATHS = NO;
				CLANG_ANALYZER_NONNULL = YES;
				CLANG_CXX_LANGUAGE_STANDARD = "gnu++0x";
				CLANG_CXX_LIBRARY = "libc++";
				CLANG_ENABLE_MODULES = YES;
				CLANG_ENABLE_OBJC_ARC = YES;
				CLANG_WARN_BOOL_CONVERSION = YES;
				CLANG_WARN_CONSTANT_CONVERSION = YES;
				CLANG_WARN_DIRECT_OBJC_ISA_USAGE = YES_ERROR;
				CLANG_WARN_DOCUMENTATION_COMMENTS = YES;
				CLANG_WARN_EMPTY_BODY = YES;
				CLANG_WARN_ENUM_CONVERSION = YES;
				CLANG_WARN_INFINITE_RECURSION = YES;
				CLANG_WARN_INT_CONVERSION = YES;
				CLANG_WARN_OBJC_ROOT_CLASS = YES_ERROR;
				CLANG_WARN_SUSPICIOUS_MOVE = YES;
				CLANG_WARN_SUSPICIOUS_MOVES = YES;
				CLANG_WARN_UNREACHABLE_CODE = YES;
				CLANG_WARN__DUPLICATE_METHOD_MATCH = YES;
				"CODE_SIGN_IDENTITY[sdk=iphoneos*]" = "iPhone Developer";
				COPY_PHASE_STRIP = NO;
				DEBUG_INFORMATION_FORMAT = "dwarf-with-dsym";
				ENABLE_NS_ASSERTIONS = NO;
				ENABLE_STRICT_OBJC_MSGSEND = YES;
				GCC_C_LANGUAGE_STANDARD = gnu99;
				GCC_NO_COMMON_BLOCKS = YES;
				GCC_WARN_64_TO_32_BIT_CONVERSION = YES;
				GCC_WARN_ABOUT_RETURN_TYPE = YES_ERROR;
				GCC_WARN_UNDECLARED_SELECTOR = YES;
				GCC_WARN_UNINITIALIZED_AUTOS = YES_AGGRESSIVE;
				GCC_WARN_UNUSED_FUNCTION = YES;
				GCC_WARN_UNUSED_VARIABLE = YES;
				IPHONEOS_DEPLOYMENT_TARGET = 10.0;
				MTL_ENABLE_DEBUG_INFO = NO;
				SDKROOT = iphoneos;
				SWIFT_OPTIMIZATION_LEVEL = "-Owholemodule";
				TARGETED_DEVICE_FAMILY = "1,2";
				VALIDATE_PRODUCT = YES;
			};
			name = Release;
		};
		175489A71DC5222300993344 /* Debug */ = {
			isa = XCBuildConfiguration;
			baseConfigurationReference = 821866A83DBAF48E25583913 /* Pods-PartyTonight.debug.xcconfig */;
			buildSettings = {
				ASSETCATALOG_COMPILER_APPICON_NAME = AppIcon;
				DEVELOPMENT_TEAM = 5BCDXKAUFJ;
				FRAMEWORK_SEARCH_PATHS = (
					"$(inherited)",
					"$(PROJECT_DIR)/Carthage/Build/iOS",
				);
				INFOPLIST_FILE = PartyTonight/Info.plist;
				LD_RUNPATH_SEARCH_PATHS = "$(inherited) @executable_path/Frameworks";
				PRODUCT_BUNDLE_IDENTIFIER = dekwin.PartyTonight;
				PRODUCT_NAME = "$(TARGET_NAME)";
				SWIFT_VERSION = 3.0;
			};
			name = Debug;
		};
		175489A81DC5222300993344 /* Release */ = {
			isa = XCBuildConfiguration;
			baseConfigurationReference = EF07FB577222FA3485322B90 /* Pods-PartyTonight.release.xcconfig */;
			buildSettings = {
				ASSETCATALOG_COMPILER_APPICON_NAME = AppIcon;
				DEVELOPMENT_TEAM = 5BCDXKAUFJ;
				FRAMEWORK_SEARCH_PATHS = (
					"$(inherited)",
					"$(PROJECT_DIR)/Carthage/Build/iOS",
				);
				INFOPLIST_FILE = PartyTonight/Info.plist;
				LD_RUNPATH_SEARCH_PATHS = "$(inherited) @executable_path/Frameworks";
				PRODUCT_BUNDLE_IDENTIFIER = dekwin.PartyTonight;
				PRODUCT_NAME = "$(TARGET_NAME)";
				SWIFT_VERSION = 3.0;
			};
			name = Release;
		};
/* End XCBuildConfiguration section */

/* Begin XCConfigurationList section */
		1754898F1DC5222300993344 /* Build configuration list for PBXProject "PartyTonight" */ = {
			isa = XCConfigurationList;
			buildConfigurations = (
				175489A41DC5222300993344 /* Debug */,
				175489A51DC5222300993344 /* Release */,
			);
			defaultConfigurationIsVisible = 0;
			defaultConfigurationName = Release;
		};
		175489A61DC5222300993344 /* Build configuration list for PBXNativeTarget "PartyTonight" */ = {
			isa = XCConfigurationList;
			buildConfigurations = (
				175489A71DC5222300993344 /* Debug */,
				175489A81DC5222300993344 /* Release */,
			);
			defaultConfigurationIsVisible = 0;
			defaultConfigurationName = Release;
		};
/* End XCConfigurationList section */
	};
	rootObject = 1754898C1DC5222300993344 /* Project object */;
}
